// !$*UTF8*$!
{
	archiveVersion = 1;
	classes = {
	};
	objectVersion = 46;
	objects = {

/* Begin PBXBuildFile section */
		7FC82A3D1BDE3AF7004877EA /* AppDelegate.swift in Sources */ = {isa = PBXBuildFile; fileRef = 7FC82A3C1BDE3AF7004877EA /* AppDelegate.swift */; };
		7FC82A3F1BDE3AF7004877EA /* ViewController.swift in Sources */ = {isa = PBXBuildFile; fileRef = 7FC82A3E1BDE3AF7004877EA /* ViewController.swift */; };
		7FC82A421BDE3AF7004877EA /* Main.storyboard in Resources */ = {isa = PBXBuildFile; fileRef = 7FC82A401BDE3AF7004877EA /* Main.storyboard */; };
		7FC82A441BDE3AF7004877EA /* Assets.xcassets in Resources */ = {isa = PBXBuildFile; fileRef = 7FC82A431BDE3AF7004877EA /* Assets.xcassets */; };
		7FC82A471BDE3AF7004877EA /* LaunchScreen.storyboard in Resources */ = {isa = PBXBuildFile; fileRef = 7FC82A451BDE3AF7004877EA /* LaunchScreen.storyboard */; };
/* End PBXBuildFile section */

/* Begin PBXFileReference section */
		7FC82A391BDE3AF7004877EA /* SuperCool.app */ = {isa = PBXFileReference; explicitFileType = wrapper.application; includeInIndex = 0; path = SuperCool.app; sourceTree = BUILT_PRODUCTS_DIR; };
		7FC82A3C1BDE3AF7004877EA /* AppDelegate.swift */ = {isa = PBXFileReference; lastKnownFileType = sourcecode.swift; path = AppDelegate.swift; sourceTree = "<group>"; };
		7FC82A3E1BDE3AF7004877EA /* ViewController.swift */ = {isa = PBXFileReference; lastKnownFileType = sourcecode.swift; path = ViewController.swift; sourceTree = "<group>"; };
		7FC82A411BDE3AF7004877EA /* Base */ = {isa = PBXFileReference; lastKnownFileType = file.storyboard; name = Base; path = Base.lproj/Main.storyboard; sourceTree = "<group>"; };
		7FC82A431BDE3AF7004877EA /* Assets.xcassets */ = {isa = PBXFileReference; lastKnownFileType = folder.assetcatalog; path = Assets.xcassets; sourceTree = "<group>"; };
		7FC82A461BDE3AF7004877EA /* Base */ = {isa = PBXFileReference; lastKnownFileType = file.storyboard; name = Base; path = Base.lproj/LaunchScreen.storyboard; sourceTree = "<group>"; };
		7FC82A481BDE3AF7004877EA /* Info.plist */ = {isa = PBXFileReference; lastKnownFileType = text.plist.xml; path = Info.plist; sourceTree = "<group>"; };
/* End PBXFileReference section */

/* Begin PBXFrameworksBuildPhase section */
		7FC82A361BDE3AF7004877EA /* Frameworks */ = {
			isa = PBXFrameworksBuildPhase;
			buildActionMask = 2147483647;
			files = (
			);
			runOnlyForDeploymentPostprocessing = 0;
		};
/* End PBXFrameworksBuildPhase section */

/* Begin PBXGroup section */
		7FC82A301BDE3AF7004877EA = {
			isa = PBXGroup;
			children = (
				7FC82A3B1BDE3AF7004877EA /* SuperCool */,
				7FC82A3A1BDE3AF7004877EA /* Products */,
			);
			sourceTree = "<group>";
		};
		7FC82A3A1BDE3AF7004877EA /* Products */ = {
			isa = PBXGroup;
			children = (
				7FC82A391BDE3AF7004877EA /* SuperCool.app */,
			);
			name = Products;
			sourceTree = "<group>";
		};
		7FC82A3B1BDE3AF7004877EA /* SuperCool */ = {
			isa = PBXGroup;
			children = (
				7FC82A3C1BDE3AF7004877EA /* AppDelegate.swift */,
				7FC82A3E1BDE3AF7004877EA /* ViewController.swift */,
				7FC82A401BDE3AF7004877EA /* Main.storyboard */,
				7FC82A431BDE3AF7004877EA /* Assets.xcassets */,
				7FC82A451BDE3AF7004877EA /* LaunchScreen.storyboard */,
				7FC82A481BDE3AF7004877EA /* Info.plist */,
			);
			path = SuperCool;
			sourceTree = "<group>";
		};
/* End PBXGroup section */

/* Begin PBXNativeTarget section */
		7FC82A381BDE3AF7004877EA /* SuperCool */ = {
			isa = PBXNativeTarget;
			buildConfigurationList = 7FC82A4B1BDE3AF7004877EA /* Build configuration list for PBXNativeTarget "SuperCool" */;
			buildPhases = (
				7FC82A351BDE3AF7004877EA /* Sources */,
				7FC82A361BDE3AF7004877EA /* Frameworks */,
				7FC82A371BDE3AF7004877EA /* Resources */,
			);
			buildRules = (
			);
			dependencies = (
			);
			name = SuperCool;
			productName = SuperCool;
			productReference = 7FC82A391BDE3AF7004877EA /* SuperCool.app */;
			productType = "com.apple.product-type.application";
		};
/* End PBXNativeTarget section */

/* Begin PBXProject section */
		7FC82A311BDE3AF7004877EA /* Project object */ = {
			isa = PBXProject;
			attributes = {
				LastSwiftUpdateCheck = 0710;
				LastUpgradeCheck = 0710;
				ORGANIZATIONNAME = George;
				TargetAttributes = {
					7FC82A381BDE3AF7004877EA = {
						CreatedOnToolsVersion = 7.1;
					};
				};
			};
			buildConfigurationList = 7FC82A341BDE3AF7004877EA /* Build configuration list for PBXProject "SuperCool" */;
			compatibilityVersion = "Xcode 3.2";
			developmentRegion = English;
			hasScannedForEncodings = 0;
			knownRegions = (
				en,
				Base,
			);
			mainGroup = 7FC82A301BDE3AF7004877EA;
			productRefGroup = 7FC82A3A1BDE3AF7004877EA /* Products */;
			projectDirPath = "";
			projectRoot = "";
			targets = (
				7FC82A381BDE3AF7004877EA /* SuperCool */,
			);
		};
/* End PBXProject section */

/* Begin PBXResourcesBuildPhase section */
		7FC82A371BDE3AF7004877EA /* Resources */ = {
			isa = PBXResourcesBuildPhase;
			buildActionMask = 2147483647;
			files = (
				7FC82A471BDE3AF7004877EA /* LaunchScreen.storyboard in Resources */,
				7FC82A441BDE3AF7004877EA /* Assets.xcassets in Resources */,
				7FC82A421BDE3AF7004877EA /* Main.storyboard in Resources */,
			);
			runOnlyForDeploymentPostprocessing = 0;
		};
/* End PBXResourcesBuildPhase section */

/* Begin PBXSourcesBuildPhase section */
		7FC82A351BDE3AF7004877EA /* Sources */ = {
			isa = PBXSourcesBuildPhase;
			buildActionMask = 2147483647;
			files = (
				7FC82A3F1BDE3AF7004877EA /* ViewController.swift in Sources */,
				7FC82A3D1BDE3AF7004877EA /* AppDelegate.swift in Sources */,
			);
			runOnlyForDeploymentPostprocessing = 0;
		};
/* End PBXSourcesBuildPhase section */

/* Begin PBXVariantGroup section */
		7FC82A401BDE3AF7004877EA /* Main.storyboard */ = {
			isa = PBXVariantGroup;
			children = (
				7FC82A411BDE3AF7004877EA /* Base */,
			);
			name = Main.storyboard;
			sourceTree = "<group>";
		};
		7FC82A451BDE3AF7004877EA /* LaunchScreen.storyboard */ = {
			isa = PBXVariantGroup;
			children = (
				7FC82A461BDE3AF7004877EA /* Base */,
			);
			name = LaunchScreen.storyboard;
			sourceTree = "<group>";
		};
/* End PBXVariantGroup section */

/* Begin XCBuildConfiguration section */
		7FC82A491BDE3AF7004877EA /* Debug */ = {
			isa = XCBuildConfiguration;
			buildSettings = {
				ALWAYS_SEARCH_USER_PATHS = NO;
				CLANG_CXX_LANGUAGE_STANDARD = "gnu++0x";
				CLANG_CXX_LIBRARY = "libc++";
				CLANG_ENABLE_MODULES = YES;
				CLANG_ENABLE_OBJC_ARC = YES;
				CLANG_WARN_BOOL_CONVERSION = YES;
				CLANG_WARN_CONSTANT_CONVERSION = YES;
				CLANG_WARN_DIRECT_OBJC_ISA_USAGE = YES_ERROR;
				CLANG_WARN_EMPTY_BODY = YES;
				CLANG_WARN_ENUM_CONVERSION = YES;
				CLANG_WARN_INT_CONVERSION = YES;
				CLANG_WARN_OBJC_ROOT_CLASS = YES_ERROR;
				CLANG_WARN_UNREACHABLE_CODE = YES;
				CLANG_WARN__DUPLICATE_METHOD_MATCH = YES;
				"CODE_SIGN_IDENTITY[sdk=iphoneos*]" = "iPhone Developer";
				COPY_PHASE_STRIP = NO;
				DEBUG_INFORMATION_FORMAT = dwarf;
				ENABLE_STRICT_OBJC_MSGSEND = YES;
				ENABLE_TESTABILITY = YES;
				GCC_C_LANGUAGE_STANDARD = gnu99;
				GCC_DYNAMIC_NO_PIC = NO;
				GCC_NO_COMMON_BLOCKS = YES;
				GCC_OPTIMIZATION_LEVEL = 0;
				GCC_PREPROCESSOR_DEFINITIONS = (
					"DEBUG=1",
					"$(inherited)",
				);
				GCC_WARN_64_TO_32_BIT_CONVERSION = YES;
				GCC_WARN_ABOUT_RETURN_TYPE = YES_ERROR;
				GCC_WARN_UNDECLARED_SELECTOR = YES;
				GCC_WARN_UNINITIALIZED_AUTOS = YES_AGGRESSIVE;
				GCC_WARN_UNUSED_FUNCTION = YES;
				GCC_WARN_UNUSED_VARIABLE = YES;
				IPHONEOS_DEPLOYMENT_TARGET = 9.1;
				MTL_ENABLE_DEBUG_INFO = YES;
				ONLY_ACTIVE_ARCH = YES;
				SDKROOT = iphoneos;
				SWIFT_OPTIMIZATION_LEVEL = "-Onone";
			};
			name = Debug;
		};
		7FC82A4A1BDE3AF7004877EA /* Release */ = {
			isa = XCBuildConfiguration;
			buildSettings = {
				ALWAYS_SEARCH_USER_PATHS = NO;
				CLANG_CXX_LANGUAGE_STANDARD = "gnu++0x";
				CLANG_CXX_LIBRARY = "libc++";
				CLANG_ENABLE_MODULES = YES;
				CLANG_ENABLE_OBJC_ARC = YES;
				CLANG_WARN_BOOL_CONVERSION = YES;
				CLANG_WARN_CONSTANT_CONVERSION = YES;
				CLANG_WARN_DIRECT_OBJC_ISA_USAGE = YES_ERROR;
				CLANG_WARN_EMPTY_BODY = YES;
				CLANG_WARN_ENUM_CONVERSION = YES;
				CLANG_WARN_INT_CONVERSION = YES;
				CLANG_WARN_OBJC_ROOT_CLASS = YES_ERROR;
				CLANG_WARN_UNREACHABLE_CODE = YES;
				CLANG_WARN__DUPLICATE_METHOD_MATCH = YES;
				"CODE_SIGN_IDENTITY[sdk=iphoneos*]" = "iPhone Developer";
				COPY_PHASE_STRIP = NO;
				DEBUG_INFORMATION_FORMAT = "dwarf-with-dsym";
				ENABLE_NS_ASSERTIONS = NO;
				ENABLE_STRICT_OBJC_MSGSEND = YES;
				GCC_C_LANGUAGE_STANDARD = gnu99;
				GCC_NO_COMMON_BLOCKS = YES;
				GCC_WARN_64_TO_32_BIT_CONVERSION = YES;
				GCC_WARN_ABOUT_RETURN_TYPE = YES_ERROR;
				GCC_WARN_UNDECLARED_SELECTOR = YES;
				GCC_WARN_UNINITIALIZED_AUTOS = YES_AGGRESSIVE;
				GCC_WARN_UNUSED_FUNCTION = YES;
				GCC_WARN_UNUSED_VARIABLE = YES;
				IPHONEOS_DEPLOYMENT_TARGET = 9.1;
				MTL_ENABLE_DEBUG_INFO = NO;
				SDKROOT = iphoneos;
				VALIDATE_PRODUCT = YES;
			};
			name = Release;
		};
		7FC82A4C1BDE3AF7004877EA /* Debug */ = {
			isa = XCBuildConfiguration;
			buildSettings = {
				ASSETCATALOG_COMPILER_APPICON_NAME = AppIcon;
				INFOPLIST_FILE = SuperCool/Info.plist;
				LD_RUNPATH_SEARCH_PATHS = "$(inherited) @executable_path/Frameworks";
				PRODUCT_BUNDLE_IDENTIFIER = com.george.SuperCool;
				PRODUCT_NAME = "$(TARGET_NAME)";
			};
			name = Debug;
		};
		7FC82A4D1BDE3AF7004877EA /* Release */ = {
			isa = XCBuildConfiguration;
			buildSettings = {
				ASSETCATALOG_COMPILER_APPICON_NAME = AppIcon;
				INFOPLIST_FILE = SuperCool/Info.plist;
				LD_RUNPATH_SEARCH_PATHS = "$(inherited) @executable_path/Frameworks";
				PRODUCT_BUNDLE_IDENTIFIER = com.george.SuperCool;
				PRODUCT_NAME = "$(TARGET_NAME)";
			};
			name = Release;
		};
/* End XCBuildConfiguration section */

/* Begin XCConfigurationList section */
		7FC82A341BDE3AF7004877EA /* Build configuration list for PBXProject "SuperCool" */ = {
			isa = XCConfigurationList;
			buildConfigurations = (
				7FC82A491BDE3AF7004877EA /* Debug */,
				7FC82A4A1BDE3AF7004877EA /* Release */,
			);
			defaultConfigurationIsVisible = 0;
			defaultConfigurationName = Release;
		};
		7FC82A4B1BDE3AF7004877EA /* Build configuration list for PBXNativeTarget "SuperCool" */ = {
			isa = XCConfigurationList;
			buildConfigurations = (
				7FC82A4C1BDE3AF7004877EA /* Debug */,
				7FC82A4D1BDE3AF7004877EA /* Release */,
			);
			defaultConfigurationIsVisible = 0;
		};
/* End XCConfigurationList section */
	};
	rootObject = 7FC82A311BDE3AF7004877EA /* Project object */;
}
